// !$*UTF8*$!
{
	archiveVersion = 1;
	classes = {
	};
	objectVersion = 48;
	objects = {

/* Begin PBXBuildFile section */
		1BCAB30AEEEBA880D6A0787E /* Pods_Todoey.framework in Frameworks */ = {isa = PBXBuildFile; fileRef = 4E1EB0BB24746CD23B251635 /* Pods_Todoey.framework */; };
		B629CF7E201CE2D5008CB2A7 /* AppDelegate.swift in Sources */ = {isa = PBXBuildFile; fileRef = B629CF7D201CE2D5008CB2A7 /* AppDelegate.swift */; };
		B629CF80201CE2D5008CB2A7 /* TodoListVC.swift in Sources */ = {isa = PBXBuildFile; fileRef = B629CF7F201CE2D5008CB2A7 /* TodoListVC.swift */; };
		B629CF83201CE2D5008CB2A7 /* Main.storyboard in Resources */ = {isa = PBXBuildFile; fileRef = B629CF81201CE2D5008CB2A7 /* Main.storyboard */; };
		B629CF85201CE2D5008CB2A7 /* Assets.xcassets in Resources */ = {isa = PBXBuildFile; fileRef = B629CF84201CE2D5008CB2A7 /* Assets.xcassets */; };
		B629CF88201CE2D5008CB2A7 /* LaunchScreen.storyboard in Resources */ = {isa = PBXBuildFile; fileRef = B629CF86201CE2D5008CB2A7 /* LaunchScreen.storyboard */; };
		B65725CA2024A360000F01C2 /* Item.swift in Sources */ = {isa = PBXBuildFile; fileRef = B65725C92024A360000F01C2 /* Item.swift */; };
		B65725CC2024A36D000F01C2 /* Category.swift in Sources */ = {isa = PBXBuildFile; fileRef = B65725CB2024A36D000F01C2 /* Category.swift */; };
		B677F738202899D30050806A /* SwipeTableVC.swift in Sources */ = {isa = PBXBuildFile; fileRef = B677F737202899D30050806A /* SwipeTableVC.swift */; };
		B6FC39E7202362EF00DDD187 /* CategoryVC.swift in Sources */ = {isa = PBXBuildFile; fileRef = B6FC39E6202362EF00DDD187 /* CategoryVC.swift */; };
/* End PBXBuildFile section */

/* Begin PBXFileReference section */
		4E1EB0BB24746CD23B251635 /* Pods_Todoey.framework */ = {isa = PBXFileReference; explicitFileType = wrapper.framework; includeInIndex = 0; path = Pods_Todoey.framework; sourceTree = BUILT_PRODUCTS_DIR; };
		7BF5E1675166CC768F780D25 /* Pods-Todoey.release.xcconfig */ = {isa = PBXFileReference; includeInIndex = 1; lastKnownFileType = text.xcconfig; name = "Pods-Todoey.release.xcconfig"; path = "Pods/Target Support Files/Pods-Todoey/Pods-Todoey.release.xcconfig"; sourceTree = "<group>"; };
		9E9D68977262829EF2536F09 /* Pods-Todoey.debug.xcconfig */ = {isa = PBXFileReference; includeInIndex = 1; lastKnownFileType = text.xcconfig; name = "Pods-Todoey.debug.xcconfig"; path = "Pods/Target Support Files/Pods-Todoey/Pods-Todoey.debug.xcconfig"; sourceTree = "<group>"; };
		B629CF7A201CE2D5008CB2A7 /* Todoey.app */ = {isa = PBXFileReference; explicitFileType = wrapper.application; includeInIndex = 0; path = Todoey.app; sourceTree = BUILT_PRODUCTS_DIR; };
		B629CF7D201CE2D5008CB2A7 /* AppDelegate.swift */ = {isa = PBXFileReference; lastKnownFileType = sourcecode.swift; path = AppDelegate.swift; sourceTree = "<group>"; };
		B629CF7F201CE2D5008CB2A7 /* TodoListVC.swift */ = {isa = PBXFileReference; lastKnownFileType = sourcecode.swift; path = TodoListVC.swift; sourceTree = "<group>"; };
		B629CF82201CE2D5008CB2A7 /* Base */ = {isa = PBXFileReference; lastKnownFileType = file.storyboard; name = Base; path = Base.lproj/Main.storyboard; sourceTree = "<group>"; };
		B629CF84201CE2D5008CB2A7 /* Assets.xcassets */ = {isa = PBXFileReference; lastKnownFileType = folder.assetcatalog; path = Assets.xcassets; sourceTree = "<group>"; };
		B629CF87201CE2D5008CB2A7 /* Base */ = {isa = PBXFileReference; lastKnownFileType = file.storyboard; name = Base; path = Base.lproj/LaunchScreen.storyboard; sourceTree = "<group>"; };
		B629CF89201CE2D5008CB2A7 /* Info.plist */ = {isa = PBXFileReference; lastKnownFileType = text.plist.xml; path = Info.plist; sourceTree = "<group>"; };
		B65725C92024A360000F01C2 /* Item.swift */ = {isa = PBXFileReference; lastKnownFileType = sourcecode.swift; path = Item.swift; sourceTree = "<group>"; };
		B65725CB2024A36D000F01C2 /* Category.swift */ = {isa = PBXFileReference; lastKnownFileType = sourcecode.swift; path = Category.swift; sourceTree = "<group>"; };
		B677F737202899D30050806A /* SwipeTableVC.swift */ = {isa = PBXFileReference; lastKnownFileType = sourcecode.swift; path = SwipeTableVC.swift; sourceTree = "<group>"; };
		B6FC39E6202362EF00DDD187 /* CategoryVC.swift */ = {isa = PBXFileReference; lastKnownFileType = sourcecode.swift; path = CategoryVC.swift; sourceTree = "<group>"; };
/* End PBXFileReference section */

/* Begin PBXFrameworksBuildPhase section */
		B629CF77201CE2D5008CB2A7 /* Frameworks */ = {
			isa = PBXFrameworksBuildPhase;
			buildActionMask = 2147483647;
			files = (
				1BCAB30AEEEBA880D6A0787E /* Pods_Todoey.framework in Frameworks */,
			);
			runOnlyForDeploymentPostprocessing = 0;
		};
/* End PBXFrameworksBuildPhase section */

/* Begin PBXGroup section */
		99546644FC0C9D6E84DCFE6F /* Pods */ = {
			isa = PBXGroup;
			children = (
				9E9D68977262829EF2536F09 /* Pods-Todoey.debug.xcconfig */,
				7BF5E1675166CC768F780D25 /* Pods-Todoey.release.xcconfig */,
			);
			name = Pods;
			sourceTree = "<group>";
		};
		B629CF71201CE2D5008CB2A7 = {
			isa = PBXGroup;
			children = (
				B629CF7C201CE2D5008CB2A7 /* Todoey */,
				B629CF7B201CE2D5008CB2A7 /* Products */,
				99546644FC0C9D6E84DCFE6F /* Pods */,
				EADE90C99ED1C793D2BC1D7A /* Frameworks */,
			);
			sourceTree = "<group>";
		};
		B629CF7B201CE2D5008CB2A7 /* Products */ = {
			isa = PBXGroup;
			children = (
				B629CF7A201CE2D5008CB2A7 /* Todoey.app */,
			);
			name = Products;
			sourceTree = "<group>";
		};
		B629CF7C201CE2D5008CB2A7 /* Todoey */ = {
			isa = PBXGroup;
			children = (
				B629CF7D201CE2D5008CB2A7 /* AppDelegate.swift */,
				B62DA21C201E824B0022058C /* Model */,
				B62DA21F201E82F20022058C /* Controllers */,
				B62DA220201E83020022058C /* View */,
				B62DA221201E83160022058C /* Supporting files */,
				B629CF89201CE2D5008CB2A7 /* Info.plist */,
			);
			path = Todoey;
			sourceTree = "<group>";
		};
		B62DA21C201E824B0022058C /* Model */ = {
			isa = PBXGroup;
			children = (
				B65725CB2024A36D000F01C2 /* Category.swift */,
				B65725C92024A360000F01C2 /* Item.swift */,
			);
			path = Model;
			sourceTree = "<group>";
		};
		B62DA21F201E82F20022058C /* Controllers */ = {
			isa = PBXGroup;
			children = (
				B629CF7F201CE2D5008CB2A7 /* TodoListVC.swift */,
				B6FC39E6202362EF00DDD187 /* CategoryVC.swift */,
				B677F737202899D30050806A /* SwipeTableVC.swift */,
			);
			path = Controllers;
			sourceTree = "<group>";
		};
		B62DA220201E83020022058C /* View */ = {
			isa = PBXGroup;
			children = (
				B629CF81201CE2D5008CB2A7 /* Main.storyboard */,
			);
			path = View;
			sourceTree = "<group>";
		};
		B62DA221201E83160022058C /* Supporting files */ = {
			isa = PBXGroup;
			children = (
				B629CF84201CE2D5008CB2A7 /* Assets.xcassets */,
				B629CF86201CE2D5008CB2A7 /* LaunchScreen.storyboard */,
			);
			path = "Supporting files";
			sourceTree = "<group>";
		};
		EADE90C99ED1C793D2BC1D7A /* Frameworks */ = {
			isa = PBXGroup;
			children = (
				4E1EB0BB24746CD23B251635 /* Pods_Todoey.framework */,
			);
			name = Frameworks;
			sourceTree = "<group>";
		};
/* End PBXGroup section */

/* Begin PBXNativeTarget section */
		B629CF79201CE2D5008CB2A7 /* Todoey */ = {
			isa = PBXNativeTarget;
			buildConfigurationList = B629CF8C201CE2D5008CB2A7 /* Build configuration list for PBXNativeTarget "Todoey" */;
			buildPhases = (
				A3379412D129C31F096D0124 /* [CP] Check Pods Manifest.lock */,
				B629CF76201CE2D5008CB2A7 /* Sources */,
				B629CF77201CE2D5008CB2A7 /* Frameworks */,
				B629CF78201CE2D5008CB2A7 /* Resources */,
				DCF7A047142F85A92B21CCA2 /* [CP] Embed Pods Frameworks */,
				990BC34EBF14046194A5F039 /* [CP] Copy Pods Resources */,
			);
			buildRules = (
			);
			dependencies = (
			);
			name = Todoey;
			productName = Todoey;
			productReference = B629CF7A201CE2D5008CB2A7 /* Todoey.app */;
			productType = "com.apple.product-type.application";
		};
/* End PBXNativeTarget section */

/* Begin PBXProject section */
		B629CF72201CE2D5008CB2A7 /* Project object */ = {
			isa = PBXProject;
			attributes = {
				LastSwiftUpdateCheck = 0920;
				LastUpgradeCheck = 0920;
				ORGANIZATIONNAME = "Gut Norbert";
				TargetAttributes = {
					B629CF79201CE2D5008CB2A7 = {
						CreatedOnToolsVersion = 9.2;
						ProvisioningStyle = Automatic;
					};
				};
			};
			buildConfigurationList = B629CF75201CE2D5008CB2A7 /* Build configuration list for PBXProject "Todoey" */;
			compatibilityVersion = "Xcode 8.0";
			developmentRegion = en;
			hasScannedForEncodings = 0;
			knownRegions = (
				en,
				Base,
			);
			mainGroup = B629CF71201CE2D5008CB2A7;
			productRefGroup = B629CF7B201CE2D5008CB2A7 /* Products */;
			projectDirPath = "";
			projectRoot = "";
			targets = (
				B629CF79201CE2D5008CB2A7 /* Todoey */,
			);
		};
/* End PBXProject section */

/* Begin PBXResourcesBuildPhase section */
		B629CF78201CE2D5008CB2A7 /* Resources */ = {
			isa = PBXResourcesBuildPhase;
			buildActionMask = 2147483647;
			files = (
				B629CF88201CE2D5008CB2A7 /* LaunchScreen.storyboard in Resources */,
				B629CF85201CE2D5008CB2A7 /* Assets.xcassets in Resources */,
				B629CF83201CE2D5008CB2A7 /* Main.storyboard in Resources */,
			);
			runOnlyForDeploymentPostprocessing = 0;
		};
/* End PBXResourcesBuildPhase section */

/* Begin PBXShellScriptBuildPhase section */
		990BC34EBF14046194A5F039 /* [CP] Copy Pods Resources */ = {
			isa = PBXShellScriptBuildPhase;
			buildActionMask = 2147483647;
			files = (
			);
			inputPaths = (
			);
			name = "[CP] Copy Pods Resources";
			outputPaths = (
			);
			runOnlyForDeploymentPostprocessing = 0;
			shellPath = /bin/sh;
			shellScript = "\"${SRCROOT}/Pods/Target Support Files/Pods-Todoey/Pods-Todoey-resources.sh\"\n";
			showEnvVarsInLog = 0;
		};
		A3379412D129C31F096D0124 /* [CP] Check Pods Manifest.lock */ = {
			isa = PBXShellScriptBuildPhase;
			buildActionMask = 2147483647;
			files = (
			);
			inputPaths = (
				"${PODS_PODFILE_DIR_PATH}/Podfile.lock",
				"${PODS_ROOT}/Manifest.lock",
			);
			name = "[CP] Check Pods Manifest.lock";
			outputPaths = (
				"$(DERIVED_FILE_DIR)/Pods-Todoey-checkManifestLockResult.txt",
			);
			runOnlyForDeploymentPostprocessing = 0;
			shellPath = /bin/sh;
			shellScript = "diff \"${PODS_PODFILE_DIR_PATH}/Podfile.lock\" \"${PODS_ROOT}/Manifest.lock\" > /dev/null\nif [ $? != 0 ] ; then\n    # print error to STDERR\n    echo \"error: The sandbox is not in sync with the Podfile.lock. Run 'pod install' or update your CocoaPods installation.\" >&2\n    exit 1\nfi\n# This output is used by Xcode 'outputs' to avoid re-running this script phase.\necho \"SUCCESS\" > \"${SCRIPT_OUTPUT_FILE_0}\"\n";
			showEnvVarsInLog = 0;
		};
		DCF7A047142F85A92B21CCA2 /* [CP] Embed Pods Frameworks */ = {
			isa = PBXShellScriptBuildPhase;
			buildActionMask = 2147483647;
			files = (
			);
			inputPaths = (
				"${SRCROOT}/Pods/Target Support Files/Pods-Todoey/Pods-Todoey-frameworks.sh",
				"${BUILT_PRODUCTS_DIR}/ChameleonFramework/ChameleonFramework.framework",
				"${BUILT_PRODUCTS_DIR}/Realm/Realm.framework",
				"${BUILT_PRODUCTS_DIR}/RealmSwift/RealmSwift.framework",
				"${BUILT_PRODUCTS_DIR}/SwipeCellKit/SwipeCellKit.framework",
			);
			name = "[CP] Embed Pods Frameworks";
			outputPaths = (
				"${TARGET_BUILD_DIR}/${FRAMEWORKS_FOLDER_PATH}/ChameleonFramework.framework",
				"${TARGET_BUILD_DIR}/${FRAMEWORKS_FOLDER_PATH}/Realm.framework",
				"${TARGET_BUILD_DIR}/${FRAMEWORKS_FOLDER_PATH}/RealmSwift.framework",
				"${TARGET_BUILD_DIR}/${FRAMEWORKS_FOLDER_PATH}/SwipeCellKit.framework",
			);
			runOnlyForDeploymentPostprocessing = 0;
			shellPath = /bin/sh;
			shellScript = "\"${SRCROOT}/Pods/Target Support Files/Pods-Todoey/Pods-Todoey-frameworks.sh\"\n";
			showEnvVarsInLog = 0;
		};
/* End PBXShellScriptBuildPhase section */

/* Begin PBXSourcesBuildPhase section */
		B629CF76201CE2D5008CB2A7 /* Sources */ = {
			isa = PBXSourcesBuildPhase;
			buildActionMask = 2147483647;
			files = (
				B65725CA2024A360000F01C2 /* Item.swift in Sources */,
				B629CF80201CE2D5008CB2A7 /* TodoListVC.swift in Sources */,
				B6FC39E7202362EF00DDD187 /* CategoryVC.swift in Sources */,
				B629CF7E201CE2D5008CB2A7 /* AppDelegate.swift in Sources */,
				B677F738202899D30050806A /* SwipeTableVC.swift in Sources */,
				B65725CC2024A36D000F01C2 /* Category.swift in Sources */,
			);
			runOnlyForDeploymentPostprocessing = 0;
		};
/* End PBXSourcesBuildPhase section */

/* Begin PBXVariantGroup section */
		B629CF81201CE2D5008CB2A7 /* Main.storyboard */ = {
			isa = PBXVariantGroup;
			children = (
				B629CF82201CE2D5008CB2A7 /* Base */,
			);
			name = Main.storyboard;
			sourceTree = "<group>";
		};
		B629CF86201CE2D5008CB2A7 /* LaunchScreen.storyboard */ = {
			isa = PBXVariantGroup;
			children = (
				B629CF87201CE2D5008CB2A7 /* Base */,
			);
			name = LaunchScreen.storyboard;
			sourceTree = "<group>";
		};
/* End PBXVariantGroup section */

/* Begin XCBuildConfiguration section */
		B629CF8A201CE2D5008CB2A7 /* Debug */ = {
			isa = XCBuildConfiguration;
			buildSettings = {
				ALWAYS_SEARCH_USER_PATHS = NO;
				CLANG_ANALYZER_NONNULL = YES;
				CLANG_ANALYZER_NUMBER_OBJECT_CONVERSION = YES_AGGRESSIVE;
				CLANG_CXX_LANGUAGE_STANDARD = "gnu++14";
				CLANG_CXX_LIBRARY = "libc++";
				CLANG_ENABLE_MODULES = YES;
				CLANG_ENABLE_OBJC_ARC = YES;
				CLANG_WARN_BLOCK_CAPTURE_AUTORELEASING = YES;
				CLANG_WARN_BOOL_CONVERSION = YES;
				CLANG_WARN_COMMA = YES;
				CLANG_WARN_CONSTANT_CONVERSION = YES;
				CLANG_WARN_DIRECT_OBJC_ISA_USAGE = YES_ERROR;
				CLANG_WARN_DOCUMENTATION_COMMENTS = YES;
				CLANG_WARN_EMPTY_BODY = YES;
				CLANG_WARN_ENUM_CONVERSION = YES;
				CLANG_WARN_INFINITE_RECURSION = YES;
				CLANG_WARN_INT_CONVERSION = YES;
				CLANG_WARN_NON_LITERAL_NULL_CONVERSION = YES;
				CLANG_WARN_OBJC_LITERAL_CONVERSION = YES;
				CLANG_WARN_OBJC_ROOT_CLASS = YES_ERROR;
				CLANG_WARN_RANGE_LOOP_ANALYSIS = YES;
				CLANG_WARN_STRICT_PROTOTYPES = YES;
				CLANG_WARN_SUSPICIOUS_MOVE = YES;
				CLANG_WARN_UNGUARDED_AVAILABILITY = YES_AGGRESSIVE;
				CLANG_WARN_UNREACHABLE_CODE = YES;
				CLANG_WARN__DUPLICATE_METHOD_MATCH = YES;
				CODE_SIGN_IDENTITY = "iPhone Developer";
				COPY_PHASE_STRIP = NO;
				DEBUG_INFORMATION_FORMAT = dwarf;
				ENABLE_STRICT_OBJC_MSGSEND = YES;
				ENABLE_TESTABILITY = YES;
				GCC_C_LANGUAGE_STANDARD = gnu11;
				GCC_DYNAMIC_NO_PIC = NO;
				GCC_NO_COMMON_BLOCKS = YES;
				GCC_OPTIMIZATION_LEVEL = 0;
				GCC_PREPROCESSOR_DEFINITIONS = (
					"DEBUG=1",
					"$(inherited)",
				);
				GCC_WARN_64_TO_32_BIT_CONVERSION = YES;
				GCC_WARN_ABOUT_RETURN_TYPE = YES_ERROR;
				GCC_WARN_UNDECLARED_SELECTOR = YES;
				GCC_WARN_UNINITIALIZED_AUTOS = YES_AGGRESSIVE;
				GCC_WARN_UNUSED_FUNCTION = YES;
				GCC_WARN_UNUSED_VARIABLE = YES;
				IPHONEOS_DEPLOYMENT_TARGET = 11.2;
				MTL_ENABLE_DEBUG_INFO = YES;
				ONLY_ACTIVE_ARCH = YES;
				SDKROOT = iphoneos;
				SWIFT_ACTIVE_COMPILATION_CONDITIONS = DEBUG;
				SWIFT_OPTIMIZATION_LEVEL = "-Onone";
			};
			name = Debug;
		};
		B629CF8B201CE2D5008CB2A7 /* Release */ = {
			isa = XCBuildConfiguration;
			buildSettings = {
				ALWAYS_SEARCH_USER_PATHS = NO;
				CLANG_ANALYZER_NONNULL = YES;
				CLANG_ANALYZER_NUMBER_OBJECT_CONVERSION = YES_AGGRESSIVE;
				CLANG_CXX_LANGUAGE_STANDARD = "gnu++14";
				CLANG_CXX_LIBRARY = "libc++";
				CLANG_ENABLE_MODULES = YES;
				CLANG_ENABLE_OBJC_ARC = YES;
				CLANG_WARN_BLOCK_CAPTURE_AUTORELEASING = YES;
				CLANG_WARN_BOOL_CONVERSION = YES;
				CLANG_WARN_COMMA = YES;
				CLANG_WARN_CONSTANT_CONVERSION = YES;
				CLANG_WARN_DIRECT_OBJC_ISA_USAGE = YES_ERROR;
				CLANG_WARN_DOCUMENTATION_COMMENTS = YES;
				CLANG_WARN_EMPTY_BODY = YES;
				CLANG_WARN_ENUM_CONVERSION = YES;
				CLANG_WARN_INFINITE_RECURSION = YES;
				CLANG_WARN_INT_CONVERSION = YES;
				CLANG_WARN_NON_LITERAL_NULL_CONVERSION = YES;
				CLANG_WARN_OBJC_LITERAL_CONVERSION = YES;
				CLANG_WARN_OBJC_ROOT_CLASS = YES_ERROR;
				CLANG_WARN_RANGE_LOOP_ANALYSIS = YES;
				CLANG_WARN_STRICT_PROTOTYPES = YES;
				CLANG_WARN_SUSPICIOUS_MOVE = YES;
				CLANG_WARN_UNGUARDED_AVAILABILITY = YES_AGGRESSIVE;
				CLANG_WARN_UNREACHABLE_CODE = YES;
				CLANG_WARN__DUPLICATE_METHOD_MATCH = YES;
				CODE_SIGN_IDENTITY = "iPhone Developer";
				COPY_PHASE_STRIP = NO;
				DEBUG_INFORMATION_FORMAT = "dwarf-with-dsym";
				ENABLE_NS_ASSERTIONS = NO;
				ENABLE_STRICT_OBJC_MSGSEND = YES;
				GCC_C_LANGUAGE_STANDARD = gnu11;
				GCC_NO_COMMON_BLOCKS = YES;
				GCC_WARN_64_TO_32_BIT_CONVERSION = YES;
				GCC_WARN_ABOUT_RETURN_TYPE = YES_ERROR;
				GCC_WARN_UNDECLARED_SELECTOR = YES;
				GCC_WARN_UNINITIALIZED_AUTOS = YES_AGGRESSIVE;
				GCC_WARN_UNUSED_FUNCTION = YES;
				GCC_WARN_UNUSED_VARIABLE = YES;
				IPHONEOS_DEPLOYMENT_TARGET = 11.2;
				MTL_ENABLE_DEBUG_INFO = NO;
				SDKROOT = iphoneos;
				SWIFT_OPTIMIZATION_LEVEL = "-Owholemodule";
				VALIDATE_PRODUCT = YES;
			};
			name = Release;
		};
		B629CF8D201CE2D5008CB2A7 /* Debug */ = {
			isa = XCBuildConfiguration;
			baseConfigurationReference = 9E9D68977262829EF2536F09 /* Pods-Todoey.debug.xcconfig */;
			buildSettings = {
				ASSETCATALOG_COMPILER_APPICON_NAME = AppIcon;
				CODE_SIGN_STYLE = Automatic;
				DEVELOPMENT_TEAM = WNWE77BSB2;
				INFOPLIST_FILE = Todoey/Info.plist;
				LD_RUNPATH_SEARCH_PATHS = "$(inherited) @executable_path/Frameworks";
				PRODUCT_BUNDLE_IDENTIFIER = com.gutNorbert.Todoey;
				PRODUCT_NAME = "$(TARGET_NAME)";
				SWIFT_VERSION = 4.0;
				TARGETED_DEVICE_FAMILY = "1,2";
			};
			name = Debug;
		};
		B629CF8E201CE2D5008CB2A7 /* Release */ = {
			isa = XCBuildConfiguration;
			baseConfigurationReference = 7BF5E1675166CC768F780D25 /* Pods-Todoey.release.xcconfig */;
			buildSettings = {
				ASSETCATALOG_COMPILER_APPICON_NAME = AppIcon;
				CODE_SIGN_STYLE = Automatic;
				DEVELOPMENT_TEAM = WNWE77BSB2;
				INFOPLIST_FILE = Todoey/Info.plist;
				LD_RUNPATH_SEARCH_PATHS = "$(inherited) @executable_path/Frameworks";
				PRODUCT_BUNDLE_IDENTIFIER = com.gutNorbert.Todoey;
				PRODUCT_NAME = "$(TARGET_NAME)";
				SWIFT_VERSION = 4.0;
				TARGETED_DEVICE_FAMILY = "1,2";
			};
			name = Release;
		};
/* End XCBuildConfiguration section */

/* Begin XCConfigurationList section */
		B629CF75201CE2D5008CB2A7 /* Build configuration list for PBXProject "Todoey" */ = {
			isa = XCConfigurationList;
			buildConfigurations = (
				B629CF8A201CE2D5008CB2A7 /* Debug */,
				B629CF8B201CE2D5008CB2A7 /* Release */,
			);
			defaultConfigurationIsVisible = 0;
			defaultConfigurationName = Release;
		};
		B629CF8C201CE2D5008CB2A7 /* Build configuration list for PBXNativeTarget "Todoey" */ = {
			isa = XCConfigurationList;
			buildConfigurations = (
				B629CF8D201CE2D5008CB2A7 /* Debug */,
				B629CF8E201CE2D5008CB2A7 /* Release */,
			);
			defaultConfigurationIsVisible = 0;
			defaultConfigurationName = Release;
		};
/* End XCConfigurationList section */
	};
	rootObject = B629CF72201CE2D5008CB2A7 /* Project object */;
}
