// !$*UTF8*$!
{
	archiveVersion = 1;
	classes = {
	};
	objectVersion = 48;
	objects = {

/* Begin PBXBuildFile section */
		B629CF7E201CE2D5008CB2A7 /* AppDelegate.swift in Sources */ = {isa = PBXBuildFile; fileRef = B629CF7D201CE2D5008CB2A7 /* AppDelegate.swift */; };
		B629CF80201CE2D5008CB2A7 /* TodoListVC.swift in Sources */ = {isa = PBXBuildFile; fileRef = B629CF7F201CE2D5008CB2A7 /* TodoListVC.swift */; };
		B629CF83201CE2D5008CB2A7 /* Main.storyboard in Resources */ = {isa = PBXBuildFile; fileRef = B629CF81201CE2D5008CB2A7 /* Main.storyboard */; };
		B629CF85201CE2D5008CB2A7 /* Assets.xcassets in Resources */ = {isa = PBXBuildFile; fileRef = B629CF84201CE2D5008CB2A7 /* Assets.xcassets */; };
		B629CF88201CE2D5008CB2A7 /* LaunchScreen.storyboard in Resources */ = {isa = PBXBuildFile; fileRef = B629CF86201CE2D5008CB2A7 /* LaunchScreen.storyboard */; };
		B66426712020DB12001089D3 /* DataModel.xcdatamodeld in Sources */ = {isa = PBXBuildFile; fileRef = B664266F2020DB12001089D3 /* DataModel.xcdatamodeld */; };
		B6FC39E7202362EF00DDD187 /* CategoryVC.swift in Sources */ = {isa = PBXBuildFile; fileRef = B6FC39E6202362EF00DDD187 /* CategoryVC.swift */; };
/* End PBXBuildFile section */

/* Begin PBXFileReference section */
		B629CF7A201CE2D5008CB2A7 /* Todoey.app */ = {isa = PBXFileReference; explicitFileType = wrapper.application; includeInIndex = 0; path = Todoey.app; sourceTree = BUILT_PRODUCTS_DIR; };
		B629CF7D201CE2D5008CB2A7 /* AppDelegate.swift */ = {isa = PBXFileReference; lastKnownFileType = sourcecode.swift; path = AppDelegate.swift; sourceTree = "<group>"; };
		B629CF7F201CE2D5008CB2A7 /* TodoListVC.swift */ = {isa = PBXFileReference; lastKnownFileType = sourcecode.swift; path = TodoListVC.swift; sourceTree = "<group>"; };
		B629CF82201CE2D5008CB2A7 /* Base */ = {isa = PBXFileReference; lastKnownFileType = file.storyboard; name = Base; path = Base.lproj/Main.storyboard; sourceTree = "<group>"; };
		B629CF84201CE2D5008CB2A7 /* Assets.xcassets */ = {isa = PBXFileReference; lastKnownFileType = folder.assetcatalog; path = Assets.xcassets; sourceTree = "<group>"; };
		B629CF87201CE2D5008CB2A7 /* Base */ = {isa = PBXFileReference; lastKnownFileType = file.storyboard; name = Base; path = Base.lproj/LaunchScreen.storyboard; sourceTree = "<group>"; };
		B629CF89201CE2D5008CB2A7 /* Info.plist */ = {isa = PBXFileReference; lastKnownFileType = text.plist.xml; path = Info.plist; sourceTree = "<group>"; };
		B66426702020DB12001089D3 /* DataModel.xcdatamodel */ = {isa = PBXFileReference; lastKnownFileType = wrapper.xcdatamodel; path = DataModel.xcdatamodel; sourceTree = "<group>"; };
		B6FC39E6202362EF00DDD187 /* CategoryVC.swift */ = {isa = PBXFileReference; lastKnownFileType = sourcecode.swift; path = CategoryVC.swift; sourceTree = "<group>"; };
/* End PBXFileReference section */

/* Begin PBXFrameworksBuildPhase section */
		B629CF77201CE2D5008CB2A7 /* Frameworks */ = {
			isa = PBXFrameworksBuildPhase;
			buildActionMask = 2147483647;
			files = (
			);
			runOnlyForDeploymentPostprocessing = 0;
		};
/* End PBXFrameworksBuildPhase section */

/* Begin PBXGroup section */
		B629CF71201CE2D5008CB2A7 = {
			isa = PBXGroup;
			children = (
				B629CF7C201CE2D5008CB2A7 /* Todoey */,
				B629CF7B201CE2D5008CB2A7 /* Products */,
			);
			sourceTree = "<group>";
		};
		B629CF7B201CE2D5008CB2A7 /* Products */ = {
			isa = PBXGroup;
			children = (
				B629CF7A201CE2D5008CB2A7 /* Todoey.app */,
			);
			name = Products;
			sourceTree = "<group>";
		};
		B629CF7C201CE2D5008CB2A7 /* Todoey */ = {
			isa = PBXGroup;
			children = (
				B629CF7D201CE2D5008CB2A7 /* AppDelegate.swift */,
				B62DA21C201E824B0022058C /* Model */,
				B62DA21F201E82F20022058C /* Controllers */,
				B62DA220201E83020022058C /* View */,
				B62DA221201E83160022058C /* Supporting files */,
				B629CF89201CE2D5008CB2A7 /* Info.plist */,
			);
			path = Todoey;
			sourceTree = "<group>";
		};
		B62DA21C201E824B0022058C /* Model */ = {
			isa = PBXGroup;
			children = (
				B664266F2020DB12001089D3 /* DataModel.xcdatamodeld */,
			);
			path = Model;
			sourceTree = "<group>";
		};
		B62DA21F201E82F20022058C /* Controllers */ = {
			isa = PBXGroup;
			children = (
				B629CF7F201CE2D5008CB2A7 /* TodoListVC.swift */,
				B6FC39E6202362EF00DDD187 /* CategoryVC.swift */,
			);
			path = Controllers;
			sourceTree = "<group>";
		};
		B62DA220201E83020022058C /* View */ = {
			isa = PBXGroup;
			children = (
				B629CF81201CE2D5008CB2A7 /* Main.storyboard */,
			);
			path = View;
			sourceTree = "<group>";
		};
		B62DA221201E83160022058C /* Supporting files */ = {
			isa = PBXGroup;
			children = (
				B629CF84201CE2D5008CB2A7 /* Assets.xcassets */,
				B629CF86201CE2D5008CB2A7 /* LaunchScreen.storyboard */,
			);
			path = "Supporting files";
			sourceTree = "<group>";
		};
/* End PBXGroup section */

/* Begin PBXNativeTarget section */
		B629CF79201CE2D5008CB2A7 /* Todoey */ = {
			isa = PBXNativeTarget;
			buildConfigurationList = B629CF8C201CE2D5008CB2A7 /* Build configuration list for PBXNativeTarget "Todoey" */;
			buildPhases = (
				B629CF76201CE2D5008CB2A7 /* Sources */,
				B629CF77201CE2D5008CB2A7 /* Frameworks */,
				B629CF78201CE2D5008CB2A7 /* Resources */,
			);
			buildRules = (
			);
			dependencies = (
			);
			name = Todoey;
			productName = Todoey;
			productReference = B629CF7A201CE2D5008CB2A7 /* Todoey.app */;
			productType = "com.apple.product-type.application";
		};
/* End PBXNativeTarget section */

/* Begin PBXProject section */
		B629CF72201CE2D5008CB2A7 /* Project object */ = {
			isa = PBXProject;
			attributes = {
				LastSwiftUpdateCheck = 0920;
				LastUpgradeCheck = 0920;
				ORGANIZATIONNAME = "Gut Norbert";
				TargetAttributes = {
					B629CF79201CE2D5008CB2A7 = {
						CreatedOnToolsVersion = 9.2;
						ProvisioningStyle = Automatic;
					};
				};
			};
			buildConfigurationList = B629CF75201CE2D5008CB2A7 /* Build configuration list for PBXProject "Todoey" */;
			compatibilityVersion = "Xcode 8.0";
			developmentRegion = en;
			hasScannedForEncodings = 0;
			knownRegions = (
				en,
				Base,
			);
			mainGroup = B629CF71201CE2D5008CB2A7;
			productRefGroup = B629CF7B201CE2D5008CB2A7 /* Products */;
			projectDirPath = "";
			projectRoot = "";
			targets = (
				B629CF79201CE2D5008CB2A7 /* Todoey */,
			);
		};
/* End PBXProject section */

/* Begin PBXResourcesBuildPhase section */
		B629CF78201CE2D5008CB2A7 /* Resources */ = {
			isa = PBXResourcesBuildPhase;
			buildActionMask = 2147483647;
			files = (
				B629CF88201CE2D5008CB2A7 /* LaunchScreen.storyboard in Resources */,
				B629CF85201CE2D5008CB2A7 /* Assets.xcassets in Resources */,
				B629CF83201CE2D5008CB2A7 /* Main.storyboard in Resources */,
			);
			runOnlyForDeploymentPostprocessing = 0;
		};
/* End PBXResourcesBuildPhase section */

/* Begin PBXSourcesBuildPhase section */
		B629CF76201CE2D5008CB2A7 /* Sources */ = {
			isa = PBXSourcesBuildPhase;
			buildActionMask = 2147483647;
			files = (
				B629CF80201CE2D5008CB2A7 /* TodoListVC.swift in Sources */,
				B66426712020DB12001089D3 /* DataModel.xcdatamodeld in Sources */,
				B6FC39E7202362EF00DDD187 /* CategoryVC.swift in Sources */,
				B629CF7E201CE2D5008CB2A7 /* AppDelegate.swift in Sources */,
			);
			runOnlyForDeploymentPostprocessing = 0;
		};
/* End PBXSourcesBuildPhase section */

/* Begin PBXVariantGroup section */
		B629CF81201CE2D5008CB2A7 /* Main.storyboard */ = {
			isa = PBXVariantGroup;
			children = (
				B629CF82201CE2D5008CB2A7 /* Base */,
			);
			name = Main.storyboard;
			sourceTree = "<group>";
		};
		B629CF86201CE2D5008CB2A7 /* LaunchScreen.storyboard */ = {
			isa = PBXVariantGroup;
			children = (
				B629CF87201CE2D5008CB2A7 /* Base */,
			);
			name = LaunchScreen.storyboard;
			sourceTree = "<group>";
		};
/* End PBXVariantGroup section */

/* Begin XCBuildConfiguration section */
		B629CF8A201CE2D5008CB2A7 /* Debug */ = {
			isa = XCBuildConfiguration;
			buildSettings = {
				ALWAYS_SEARCH_USER_PATHS = NO;
				CLANG_ANALYZER_NONNULL = YES;
				CLANG_ANALYZER_NUMBER_OBJECT_CONVERSION = YES_AGGRESSIVE;
				CLANG_CXX_LANGUAGE_STANDARD = "gnu++14";
				CLANG_CXX_LIBRARY = "libc++";
				CLANG_ENABLE_MODULES = YES;
				CLANG_ENABLE_OBJC_ARC = YES;
				CLANG_WARN_BLOCK_CAPTURE_AUTORELEASING = YES;
				CLANG_WARN_BOOL_CONVERSION = YES;
				CLANG_WARN_COMMA = YES;
				CLANG_WARN_CONSTANT_CONVERSION = YES;
				CLANG_WARN_DIRECT_OBJC_ISA_USAGE = YES_ERROR;
				CLANG_WARN_DOCUMENTATION_COMMENTS = YES;
				CLANG_WARN_EMPTY_BODY = YES;
				CLANG_WARN_ENUM_CONVERSION = YES;
				CLANG_WARN_INFINITE_RECURSION = YES;
				CLANG_WARN_INT_CONVERSION = YES;
				CLANG_WARN_NON_LITERAL_NULL_CONVERSION = YES;
				CLANG_WARN_OBJC_LITERAL_CONVERSION = YES;
				CLANG_WARN_OBJC_ROOT_CLASS = YES_ERROR;
				CLANG_WARN_RANGE_LOOP_ANALYSIS = YES;
				CLANG_WARN_STRICT_PROTOTYPES = YES;
				CLANG_WARN_SUSPICIOUS_MOVE = YES;
				CLANG_WARN_UNGUARDED_AVAILABILITY = YES_AGGRESSIVE;
				CLANG_WARN_UNREACHABLE_CODE = YES;
				CLANG_WARN__DUPLICATE_METHOD_MATCH = YES;
				CODE_SIGN_IDENTITY = "iPhone Developer";
				COPY_PHASE_STRIP = NO;
				DEBUG_INFORMATION_FORMAT = dwarf;
				ENABLE_STRICT_OBJC_MSGSEND = YES;
				ENABLE_TESTABILITY = YES;
				GCC_C_LANGUAGE_STANDARD = gnu11;
				GCC_DYNAMIC_NO_PIC = NO;
				GCC_NO_COMMON_BLOCKS = YES;
				GCC_OPTIMIZATION_LEVEL = 0;
				GCC_PREPROCESSOR_DEFINITIONS = (
					"DEBUG=1",
					"$(inherited)",
				);
				GCC_WARN_64_TO_32_BIT_CONVERSION = YES;
				GCC_WARN_ABOUT_RETURN_TYPE = YES_ERROR;
				GCC_WARN_UNDECLARED_SELECTOR = YES;
				GCC_WARN_UNINITIALIZED_AUTOS = YES_AGGRESSIVE;
				GCC_WARN_UNUSED_FUNCTION = YES;
				GCC_WARN_UNUSED_VARIABLE = YES;
				IPHONEOS_DEPLOYMENT_TARGET = 11.2;
				MTL_ENABLE_DEBUG_INFO = YES;
				ONLY_ACTIVE_ARCH = YES;
				SDKROOT = iphoneos;
				SWIFT_ACTIVE_COMPILATION_CONDITIONS = DEBUG;
				SWIFT_OPTIMIZATION_LEVEL = "-Onone";
			};
			name = Debug;
		};
		B629CF8B201CE2D5008CB2A7 /* Release */ = {
			isa = XCBuildConfiguration;
			buildSettings = {
				ALWAYS_SEARCH_USER_PATHS = NO;
				CLANG_ANALYZER_NONNULL = YES;
				CLANG_ANALYZER_NUMBER_OBJECT_CONVERSION = YES_AGGRESSIVE;
				CLANG_CXX_LANGUAGE_STANDARD = "gnu++14";
				CLANG_CXX_LIBRARY = "libc++";
				CLANG_ENABLE_MODULES = YES;
				CLANG_ENABLE_OBJC_ARC = YES;
				CLANG_WARN_BLOCK_CAPTURE_AUTORELEASING = YES;
				CLANG_WARN_BOOL_CONVERSION = YES;
				CLANG_WARN_COMMA = YES;
				CLANG_WARN_CONSTANT_CONVERSION = YES;
				CLANG_WARN_DIRECT_OBJC_ISA_USAGE = YES_ERROR;
				CLANG_WARN_DOCUMENTATION_COMMENTS = YES;
				CLANG_WARN_EMPTY_BODY = YES;
				CLANG_WARN_ENUM_CONVERSION = YES;
				CLANG_WARN_INFINITE_RECURSION = YES;
				CLANG_WARN_INT_CONVERSION = YES;
				CLANG_WARN_NON_LITERAL_NULL_CONVERSION = YES;
				CLANG_WARN_OBJC_LITERAL_CONVERSION = YES;
				CLANG_WARN_OBJC_ROOT_CLASS = YES_ERROR;
				CLANG_WARN_RANGE_LOOP_ANALYSIS = YES;
				CLANG_WARN_STRICT_PROTOTYPES = YES;
				CLANG_WARN_SUSPICIOUS_MOVE = YES;
				CLANG_WARN_UNGUARDED_AVAILABILITY = YES_AGGRESSIVE;
				CLANG_WARN_UNREACHABLE_CODE = YES;
				CLANG_WARN__DUPLICATE_METHOD_MATCH = YES;
				CODE_SIGN_IDENTITY = "iPhone Developer";
				COPY_PHASE_STRIP = NO;
				DEBUG_INFORMATION_FORMAT = "dwarf-with-dsym";
				ENABLE_NS_ASSERTIONS = NO;
				ENABLE_STRICT_OBJC_MSGSEND = YES;
				GCC_C_LANGUAGE_STANDARD = gnu11;
				GCC_NO_COMMON_BLOCKS = YES;
				GCC_WARN_64_TO_32_BIT_CONVERSION = YES;
				GCC_WARN_ABOUT_RETURN_TYPE = YES_ERROR;
				GCC_WARN_UNDECLARED_SELECTOR = YES;
				GCC_WARN_UNINITIALIZED_AUTOS = YES_AGGRESSIVE;
				GCC_WARN_UNUSED_FUNCTION = YES;
				GCC_WARN_UNUSED_VARIABLE = YES;
				IPHONEOS_DEPLOYMENT_TARGET = 11.2;
				MTL_ENABLE_DEBUG_INFO = NO;
				SDKROOT = iphoneos;
				SWIFT_OPTIMIZATION_LEVEL = "-Owholemodule";
				VALIDATE_PRODUCT = YES;
			};
			name = Release;
		};
		B629CF8D201CE2D5008CB2A7 /* Debug */ = {
			isa = XCBuildConfiguration;
			buildSettings = {
				ASSETCATALOG_COMPILER_APPICON_NAME = AppIcon;
				CODE_SIGN_STYLE = Automatic;
				DEVELOPMENT_TEAM = WNWE77BSB2;
				INFOPLIST_FILE = Todoey/Info.plist;
				LD_RUNPATH_SEARCH_PATHS = "$(inherited) @executable_path/Frameworks";
				PRODUCT_BUNDLE_IDENTIFIER = com.gutNorbert.Todoey;
				PRODUCT_NAME = "$(TARGET_NAME)";
				SWIFT_VERSION = 4.0;
				TARGETED_DEVICE_FAMILY = "1,2";
			};
			name = Debug;
		};
		B629CF8E201CE2D5008CB2A7 /* Release */ = {
			isa = XCBuildConfiguration;
			buildSettings = {
				ASSETCATALOG_COMPILER_APPICON_NAME = AppIcon;
				CODE_SIGN_STYLE = Automatic;
				DEVELOPMENT_TEAM = WNWE77BSB2;
				INFOPLIST_FILE = Todoey/Info.plist;
				LD_RUNPATH_SEARCH_PATHS = "$(inherited) @executable_path/Frameworks";
				PRODUCT_BUNDLE_IDENTIFIER = com.gutNorbert.Todoey;
				PRODUCT_NAME = "$(TARGET_NAME)";
				SWIFT_VERSION = 4.0;
				TARGETED_DEVICE_FAMILY = "1,2";
			};
			name = Release;
		};
/* End XCBuildConfiguration section */

/* Begin XCConfigurationList section */
		B629CF75201CE2D5008CB2A7 /* Build configuration list for PBXProject "Todoey" */ = {
			isa = XCConfigurationList;
			buildConfigurations = (
				B629CF8A201CE2D5008CB2A7 /* Debug */,
				B629CF8B201CE2D5008CB2A7 /* Release */,
			);
			defaultConfigurationIsVisible = 0;
			defaultConfigurationName = Release;
		};
		B629CF8C201CE2D5008CB2A7 /* Build configuration list for PBXNativeTarget "Todoey" */ = {
			isa = XCConfigurationList;
			buildConfigurations = (
				B629CF8D201CE2D5008CB2A7 /* Debug */,
				B629CF8E201CE2D5008CB2A7 /* Release */,
			);
			defaultConfigurationIsVisible = 0;
			defaultConfigurationName = Release;
		};
/* End XCConfigurationList section */

/* Begin XCVersionGroup section */
		B664266F2020DB12001089D3 /* DataModel.xcdatamodeld */ = {
			isa = XCVersionGroup;
			children = (
				B66426702020DB12001089D3 /* DataModel.xcdatamodel */,
			);
			currentVersion = B66426702020DB12001089D3 /* DataModel.xcdatamodel */;
			path = DataModel.xcdatamodeld;
			sourceTree = "<group>";
			versionGroupType = wrapper.xcdatamodel;
		};
/* End XCVersionGroup section */
	};
	rootObject = B629CF72201CE2D5008CB2A7 /* Project object */;
}
